
Microsoft Visual Studio Solution File, Format Version 12.00
# Visual Studio Version 17
VisualStudioVersion = 17.7.34031.279
MinimumVisualStudioVersion = 10.0.40219.1
Project("{FAE04EC0-301F-11D3-BF4B-00C04F79EFBC}") = "El reto de las 8 piezas", "El reto de las 8 piezas.csproj", "{AE7AE737-5E91-48F2-A501-35BD739BD1EE}"
EndProject
Global
	GlobalSection(SolutionConfigurationPlatforms) = preSolution
		Debug|Any CPU = Debug|Any CPU
		Release|Any CPU = Release|Any CPU
	EndGlobalSection
	GlobalSection(ProjectConfigurationPlatforms) = postSolution
		{AE7AE737-5E91-48F2-A501-35BD739BD1EE}.Debug|Any CPU.ActiveCfg = Debug|Any CPU
		{AE7AE737-5E91-48F2-A501-35BD739BD1EE}.Debug|Any CPU.Build.0 = Debug|Any CPU
		{AE7AE737-5E91-48F2-A501-35BD739BD1EE}.Release|Any CPU.ActiveCfg = Release|Any CPU
		{AE7AE737-5E91-48F2-A501-35BD739BD1EE}.Release|Any CPU.Build.0 = Release|Any CPU
	EndGlobalSection
	GlobalSection(SolutionProperties) = preSolution
		HideSolutionNode = FALSE
	EndGlobalSection
	GlobalSection(ExtensibilityGlobals) = postSolution
		SolutionGuid = {3FFBF43C-82DD-499E-9E44-6430D34B1B39}
	EndGlobalSection
EndGlobal
